
Microsoft Visual Studio Solution File, Format Version 12.00
# Visual Studio Version 16
VisualStudioVersion = 16.0.30523.141
MinimumVisualStudioVersion = 10.0.40219.1
Project("{FAE04EC0-301F-11D3-BF4B-00C04F79EFBC}") = "xaimatzu", "xaimatzu.csproj", "{4504AF5C-8E6E-4ACA-A734-409350459C0C}"
EndProject
Project("{54435603-DBB4-11D2-8724-00A0C9A8B90C}") = "XaimatzuSetup", "XaimatzuSetup\XaimatzuSetup.vdproj", "{55C1105E-4E81-49ED-902A-127900F9E3C6}"
EndProject
Global
	GlobalSection(SolutionConfigurationPlatforms) = preSolution
		Debug|Any CPU = Debug|Any CPU
		Release|Any CPU = Release|Any CPU
	EndGlobalSection
	GlobalSection(ProjectConfigurationPlatforms) = postSolution
		{4504AF5C-8E6E-4ACA-A734-409350459C0C}.Debug|Any CPU.ActiveCfg = Debug|Any CPU
		{4504AF5C-8E6E-4ACA-A734-409350459C0C}.Debug|Any CPU.Build.0 = Debug|Any CPU
		{4504AF5C-8E6E-4ACA-A734-409350459C0C}.Release|Any CPU.ActiveCfg = Release|Any CPU
		{4504AF5C-8E6E-4ACA-A734-409350459C0C}.Release|Any CPU.Build.0 = Release|Any CPU
		{55C1105E-4E81-49ED-902A-127900F9E3C6}.Debug|Any CPU.ActiveCfg = Debug
		{55C1105E-4E81-49ED-902A-127900F9E3C6}.Release|Any CPU.ActiveCfg = Release
	EndGlobalSection
	GlobalSection(SolutionProperties) = preSolution
		HideSolutionNode = FALSE
	EndGlobalSection
	GlobalSection(ExtensibilityGlobals) = postSolution
		SolutionGuid = {7BF54237-DA71-48D3-A5FD-DEFDCDC04C1C}
	EndGlobalSection
EndGlobal
